
Microsoft Visual Studio Solution File, Format Version 12.00
# Visual Studio Version 17
VisualStudioVersion = 17.0.31903.59
MinimumVisualStudioVersion = 10.0.40219.1
Project("{2150E333-8FDC-42A3-9474-1A3956D46DE8}") = "src", "src", "{92BE8F78-A2CE-4F39-9824-93CACB970C26}"
EndProject
Project("{FAE04EC0-301F-11D3-BF4B-00C04F79EFBC}") = "SciToolbox", "src\SciToolbox\SciToolbox.csproj", "{E819B026-D074-49D2-8498-D25271556903}"
EndProject
Global
	GlobalSection(SolutionConfigurationPlatforms) = preSolution
		Debug|Any CPU = Debug|Any CPU
		Release|Any CPU = Release|Any CPU
	EndGlobalSection
	GlobalSection(SolutionProperties) = preSolution
		HideSolutionNode = FALSE
	EndGlobalSection
	GlobalSection(ProjectConfigurationPlatforms) = postSolution
		{E819B026-D074-49D2-8498-D25271556903}.Debug|Any CPU.ActiveCfg = Debug|Any CPU
		{E819B026-D074-49D2-8498-D25271556903}.Debug|Any CPU.Build.0 = Debug|Any CPU
		{E819B026-D074-49D2-8498-D25271556903}.Release|Any CPU.ActiveCfg = Release|Any CPU
		{E819B026-D074-49D2-8498-D25271556903}.Release|Any CPU.Build.0 = Release|Any CPU
	EndGlobalSection
	GlobalSection(NestedProjects) = preSolution
		{E819B026-D074-49D2-8498-D25271556903} = {92BE8F78-A2CE-4F39-9824-93CACB970C26}
	EndGlobalSection
EndGlobal
